
Microsoft Visual Studio Solution File, Format Version 12.00
# Visual Studio Version 17
VisualStudioVersion = 17.2.32516.85
MinimumVisualStudioVersion = 10.0.40219.1
Project("{FAE04EC0-301F-11D3-BF4B-00C04F79EFBC}") = "Mqtt_1", "Mqtt_1\Mqtt_1.csproj", "{58559D86-D6FF-49EC-94A5-B0BCE39A5F34}"
EndProject
Global
	GlobalSection(SolutionConfigurationPlatforms) = preSolution
		Debug|Any CPU = Debug|Any CPU
		Release|Any CPU = Release|Any CPU
	EndGlobalSection
	GlobalSection(ProjectConfigurationPlatforms) = postSolution
		{58559D86-D6FF-49EC-94A5-B0BCE39A5F34}.Debug|Any CPU.ActiveCfg = Debug|Any CPU
		{58559D86-D6FF-49EC-94A5-B0BCE39A5F34}.Debug|Any CPU.Build.0 = Debug|Any CPU
		{58559D86-D6FF-49EC-94A5-B0BCE39A5F34}.Release|Any CPU.ActiveCfg = Release|Any CPU
		{58559D86-D6FF-49EC-94A5-B0BCE39A5F34}.Release|Any CPU.Build.0 = Release|Any CPU
	EndGlobalSection
	GlobalSection(SolutionProperties) = preSolution
		HideSolutionNode = FALSE
	EndGlobalSection
	GlobalSection(ExtensibilityGlobals) = postSolution
		SolutionGuid = {56506F95-A57B-4BD6-84A8-098318B89651}
	EndGlobalSection
EndGlobal
